
Microsoft Visual Studio Solution File, Format Version 12.00
# Visual Studio Version 17
VisualStudioVersion = 17.8.34525.116
MinimumVisualStudioVersion = 10.0.40219.1
Project("{FAE04EC0-301F-11D3-BF4B-00C04F79EFBC}") = "WebShopAPI", "WebShopAPI.csproj", "{104F30BF-4535-4499-B7AE-689D8B86C908}"
EndProject
Global
	GlobalSection(SolutionConfigurationPlatforms) = preSolution
		Debug|Any CPU = Debug|Any CPU
		Release|Any CPU = Release|Any CPU
	EndGlobalSection
	GlobalSection(ProjectConfigurationPlatforms) = postSolution
		{104F30BF-4535-4499-B7AE-689D8B86C908}.Debug|Any CPU.ActiveCfg = Debug|Any CPU
		{104F30BF-4535-4499-B7AE-689D8B86C908}.Debug|Any CPU.Build.0 = Debug|Any CPU
		{104F30BF-4535-4499-B7AE-689D8B86C908}.Release|Any CPU.ActiveCfg = Release|Any CPU
		{104F30BF-4535-4499-B7AE-689D8B86C908}.Release|Any CPU.Build.0 = Release|Any CPU
	EndGlobalSection
	GlobalSection(SolutionProperties) = preSolution
		HideSolutionNode = FALSE
	EndGlobalSection
	GlobalSection(ExtensibilityGlobals) = postSolution
		SolutionGuid = {1E0AC41C-23A4-483E-A564-A55633E06705}
	EndGlobalSection
EndGlobal
